
Microsoft Visual Studio Solution File, Format Version 12.00
# Visual Studio Version 16
VisualStudioVersion = 16.0.31019.35
MinimumVisualStudioVersion = 10.0.40219.1
Project("{FAE04EC0-301F-11D3-BF4B-00C04F79EFBC}") = "megafon", "megafon\megafon.csproj", "{39366486-BC0E-4F24-89AA-725E4D2511B5}"
EndProject
Global
	GlobalSection(SolutionConfigurationPlatforms) = preSolution
		Debug|Any CPU = Debug|Any CPU
		Release|Any CPU = Release|Any CPU
	EndGlobalSection
	GlobalSection(ProjectConfigurationPlatforms) = postSolution
		{39366486-BC0E-4F24-89AA-725E4D2511B5}.Debug|Any CPU.ActiveCfg = Debug|Any CPU
		{39366486-BC0E-4F24-89AA-725E4D2511B5}.Debug|Any CPU.Build.0 = Debug|Any CPU
		{39366486-BC0E-4F24-89AA-725E4D2511B5}.Release|Any CPU.ActiveCfg = Release|Any CPU
		{39366486-BC0E-4F24-89AA-725E4D2511B5}.Release|Any CPU.Build.0 = Release|Any CPU
	EndGlobalSection
	GlobalSection(SolutionProperties) = preSolution
		HideSolutionNode = FALSE
	EndGlobalSection
	GlobalSection(ExtensibilityGlobals) = postSolution
		SolutionGuid = {E824C043-19B1-45A1-9956-CABB16097F2C}
	EndGlobalSection
EndGlobal
